// !$*UTF8*$!
{
	archiveVersion = 1;
	classes = {
	};
	objectVersion = 46;
	objects = {

/* Begin PBXBuildFile section */
		C9F66DD11A79DD2A00CB5E19 /* main.m in Sources */ = {isa = PBXBuildFile; fileRef = C9F66DD01A79DD2A00CB5E19 /* main.m */; };
		C9F66DD41A79DD2A00CB5E19 /* AppDelegate.m in Sources */ = {isa = PBXBuildFile; fileRef = C9F66DD31A79DD2A00CB5E19 /* AppDelegate.m */; };
		C9F66DD71A79DD2A00CB5E19 /* ViewController.m in Sources */ = {isa = PBXBuildFile; fileRef = C9F66DD61A79DD2A00CB5E19 /* ViewController.m */; };
		C9F66DDA1A79DD2A00CB5E19 /* Main.storyboard in Resources */ = {isa = PBXBuildFile; fileRef = C9F66DD81A79DD2A00CB5E19 /* Main.storyboard */; };
		C9F66DDC1A79DD2A00CB5E19 /* Images.xcassets in Resources */ = {isa = PBXBuildFile; fileRef = C9F66DDB1A79DD2A00CB5E19 /* Images.xcassets */; };
		C9F66DDF1A79DD2A00CB5E19 /* LaunchScreen.xib in Resources */ = {isa = PBXBuildFile; fileRef = C9F66DDD1A79DD2A00CB5E19 /* LaunchScreen.xib */; };
		C9F66DEB1A79DD2A00CB5E19 /* FieldButtonFunTests.m in Sources */ = {isa = PBXBuildFile; fileRef = C9F66DEA1A79DD2A00CB5E19 /* FieldButtonFunTests.m */; };
/* End PBXBuildFile section */

/* Begin PBXContainerItemProxy section */
		C9F66DE51A79DD2A00CB5E19 /* PBXContainerItemProxy */ = {
			isa = PBXContainerItemProxy;
			containerPortal = C9F66DC31A79DD2900CB5E19 /* Project object */;
			proxyType = 1;
			remoteGlobalIDString = C9F66DCA1A79DD2A00CB5E19;
			remoteInfo = FieldButtonFun;
		};
/* End PBXContainerItemProxy section */

/* Begin PBXFileReference section */
		C9F66DCB1A79DD2A00CB5E19 /* FieldButtonFun.app */ = {isa = PBXFileReference; explicitFileType = wrapper.application; includeInIndex = 0; path = FieldButtonFun.app; sourceTree = BUILT_PRODUCTS_DIR; };
		C9F66DCF1A79DD2A00CB5E19 /* Info.plist */ = {isa = PBXFileReference; lastKnownFileType = text.plist.xml; path = Info.plist; sourceTree = "<group>"; };
		C9F66DD01A79DD2A00CB5E19 /* main.m */ = {isa = PBXFileReference; lastKnownFileType = sourcecode.c.objc; path = main.m; sourceTree = "<group>"; };
		C9F66DD21A79DD2A00CB5E19 /* AppDelegate.h */ = {isa = PBXFileReference; lastKnownFileType = sourcecode.c.h; path = AppDelegate.h; sourceTree = "<group>"; };
		C9F66DD31A79DD2A00CB5E19 /* AppDelegate.m */ = {isa = PBXFileReference; lastKnownFileType = sourcecode.c.objc; path = AppDelegate.m; sourceTree = "<group>"; };
		C9F66DD51A79DD2A00CB5E19 /* ViewController.h */ = {isa = PBXFileReference; lastKnownFileType = sourcecode.c.h; path = ViewController.h; sourceTree = "<group>"; };
		C9F66DD61A79DD2A00CB5E19 /* ViewController.m */ = {isa = PBXFileReference; lastKnownFileType = sourcecode.c.objc; path = ViewController.m; sourceTree = "<group>"; };
		C9F66DD91A79DD2A00CB5E19 /* Base */ = {isa = PBXFileReference; lastKnownFileType = file.storyboard; name = Base; path = Base.lproj/Main.storyboard; sourceTree = "<group>"; };
		C9F66DDB1A79DD2A00CB5E19 /* Images.xcassets */ = {isa = PBXFileReference; lastKnownFileType = folder.assetcatalog; path = Images.xcassets; sourceTree = "<group>"; };
		C9F66DDE1A79DD2A00CB5E19 /* Base */ = {isa = PBXFileReference; lastKnownFileType = file.xib; name = Base; path = Base.lproj/LaunchScreen.xib; sourceTree = "<group>"; };
		C9F66DE41A79DD2A00CB5E19 /* FieldButtonFunTests.xctest */ = {isa = PBXFileReference; explicitFileType = wrapper.cfbundle; includeInIndex = 0; path = FieldButtonFunTests.xctest; sourceTree = BUILT_PRODUCTS_DIR; };
		C9F66DE91A79DD2A00CB5E19 /* Info.plist */ = {isa = PBXFileReference; lastKnownFileType = text.plist.xml; path = Info.plist; sourceTree = "<group>"; };
		C9F66DEA1A79DD2A00CB5E19 /* FieldButtonFunTests.m */ = {isa = PBXFileReference; lastKnownFileType = sourcecode.c.objc; path = FieldButtonFunTests.m; sourceTree = "<group>"; };
/* End PBXFileReference section */

/* Begin PBXFrameworksBuildPhase section */
		C9F66DC81A79DD2A00CB5E19 /* Frameworks */ = {
			isa = PBXFrameworksBuildPhase;
			buildActionMask = 2147483647;
			files = (
			);
			runOnlyForDeploymentPostprocessing = 0;
		};
		C9F66DE11A79DD2A00CB5E19 /* Frameworks */ = {
			isa = PBXFrameworksBuildPhase;
			buildActionMask = 2147483647;
			files = (
			);
			runOnlyForDeploymentPostprocessing = 0;
		};
/* End PBXFrameworksBuildPhase section */

/* Begin PBXGroup section */
		C9F66DC21A79DD2900CB5E19 = {
			isa = PBXGroup;
			children = (
				C9F66DCD1A79DD2A00CB5E19 /* FieldButtonFun */,
				C9F66DE71A79DD2A00CB5E19 /* FieldButtonFunTests */,
				C9F66DCC1A79DD2A00CB5E19 /* Products */,
			);
			sourceTree = "<group>";
		};
		C9F66DCC1A79DD2A00CB5E19 /* Products */ = {
			isa = PBXGroup;
			children = (
				C9F66DCB1A79DD2A00CB5E19 /* FieldButtonFun.app */,
				C9F66DE41A79DD2A00CB5E19 /* FieldButtonFunTests.xctest */,
			);
			name = Products;
			sourceTree = "<group>";
		};
		C9F66DCD1A79DD2A00CB5E19 /* FieldButtonFun */ = {
			isa = PBXGroup;
			children = (
				C9F66DD21A79DD2A00CB5E19 /* AppDelegate.h */,
				C9F66DD31A79DD2A00CB5E19 /* AppDelegate.m */,
				C9F66DD51A79DD2A00CB5E19 /* ViewController.h */,
				C9F66DD61A79DD2A00CB5E19 /* ViewController.m */,
				C9F66DD81A79DD2A00CB5E19 /* Main.storyboard */,
				C9F66DDB1A79DD2A00CB5E19 /* Images.xcassets */,
				C9F66DF41A79DD6C00CB5E19 /* Images */,
				C9F66DDD1A79DD2A00CB5E19 /* LaunchScreen.xib */,
				C9F66DCE1A79DD2A00CB5E19 /* Supporting Files */,
			);
			path = FieldButtonFun;
			sourceTree = "<group>";
		};
		C9F66DCE1A79DD2A00CB5E19 /* Supporting Files */ = {
			isa = PBXGroup;
			children = (
				C9F66DCF1A79DD2A00CB5E19 /* Info.plist */,
				C9F66DD01A79DD2A00CB5E19 /* main.m */,
			);
			name = "Supporting Files";
			sourceTree = "<group>";
		};
		C9F66DE71A79DD2A00CB5E19 /* FieldButtonFunTests */ = {
			isa = PBXGroup;
			children = (
				C9F66DEA1A79DD2A00CB5E19 /* FieldButtonFunTests.m */,
				C9F66DE81A79DD2A00CB5E19 /* Supporting Files */,
			);
			path = FieldButtonFunTests;
			sourceTree = "<group>";
		};
		C9F66DE81A79DD2A00CB5E19 /* Supporting Files */ = {
			isa = PBXGroup;
			children = (
				C9F66DE91A79DD2A00CB5E19 /* Info.plist */,
			);
			name = "Supporting Files";
			sourceTree = "<group>";
		};
		C9F66DF41A79DD6C00CB5E19 /* Images */ = {
			isa = PBXGroup;
			children = (
			);
			name = Images;
			path = ../Images;
			sourceTree = "<group>";
		};
/* End PBXGroup section */

/* Begin PBXNativeTarget section */
		C9F66DCA1A79DD2A00CB5E19 /* FieldButtonFun */ = {
			isa = PBXNativeTarget;
			buildConfigurationList = C9F66DEE1A79DD2A00CB5E19 /* Build configuration list for PBXNativeTarget "FieldButtonFun" */;
			buildPhases = (
				C9F66DC71A79DD2A00CB5E19 /* Sources */,
				C9F66DC81A79DD2A00CB5E19 /* Frameworks */,
				C9F66DC91A79DD2A00CB5E19 /* Resources */,
			);
			buildRules = (
			);
			dependencies = (
			);
			name = FieldButtonFun;
			productName = FieldButtonFun;
			productReference = C9F66DCB1A79DD2A00CB5E19 /* FieldButtonFun.app */;
			productType = "com.apple.product-type.application";
		};
		C9F66DE31A79DD2A00CB5E19 /* FieldButtonFunTests */ = {
			isa = PBXNativeTarget;
			buildConfigurationList = C9F66DF11A79DD2A00CB5E19 /* Build configuration list for PBXNativeTarget "FieldButtonFunTests" */;
			buildPhases = (
				C9F66DE01A79DD2A00CB5E19 /* Sources */,
				C9F66DE11A79DD2A00CB5E19 /* Frameworks */,
				C9F66DE21A79DD2A00CB5E19 /* Resources */,
			);
			buildRules = (
			);
			dependencies = (
				C9F66DE61A79DD2A00CB5E19 /* PBXTargetDependency */,
			);
			name = FieldButtonFunTests;
			productName = FieldButtonFunTests;
			productReference = C9F66DE41A79DD2A00CB5E19 /* FieldButtonFunTests.xctest */;
			productType = "com.apple.product-type.bundle.unit-test";
		};
/* End PBXNativeTarget section */

/* Begin PBXProject section */
		C9F66DC31A79DD2900CB5E19 /* Project object */ = {
			isa = PBXProject;
			attributes = {
				LastUpgradeCheck = 0610;
				ORGANIZATIONNAME = "Gary Coakley";
				TargetAttributes = {
					C9F66DCA1A79DD2A00CB5E19 = {
						CreatedOnToolsVersion = 6.1.1;
					};
					C9F66DE31A79DD2A00CB5E19 = {
						CreatedOnToolsVersion = 6.1.1;
						TestTargetID = C9F66DCA1A79DD2A00CB5E19;
					};
				};
			};
			buildConfigurationList = C9F66DC61A79DD2900CB5E19 /* Build configuration list for PBXProject "FieldButtonFun" */;
			compatibilityVersion = "Xcode 3.2";
			developmentRegion = English;
			hasScannedForEncodings = 0;
			knownRegions = (
				en,
				Base,
			);
			mainGroup = C9F66DC21A79DD2900CB5E19;
			productRefGroup = C9F66DCC1A79DD2A00CB5E19 /* Products */;
			projectDirPath = "";
			projectRoot = "";
			targets = (
				C9F66DCA1A79DD2A00CB5E19 /* FieldButtonFun */,
				C9F66DE31A79DD2A00CB5E19 /* FieldButtonFunTests */,
			);
		};
/* End PBXProject section */

/* Begin PBXResourcesBuildPhase section */
		C9F66DC91A79DD2A00CB5E19 /* Resources */ = {
			isa = PBXResourcesBuildPhase;
			buildActionMask = 2147483647;
			files = (
				C9F66DDA1A79DD2A00CB5E19 /* Main.storyboard in Resources */,
				C9F66DDF1A79DD2A00CB5E19 /* LaunchScreen.xib in Resources */,
				C9F66DDC1A79DD2A00CB5E19 /* Images.xcassets in Resources */,
			);
			runOnlyForDeploymentPostprocessing = 0;
		};
		C9F66DE21A79DD2A00CB5E19 /* Resources */ = {
			isa = PBXResourcesBuildPhase;
			buildActionMask = 2147483647;
			files = (
			);
			runOnlyForDeploymentPostprocessing = 0;
		};
/* End PBXResourcesBuildPhase section */

/* Begin PBXSourcesBuildPhase section */
		C9F66DC71A79DD2A00CB5E19 /* Sources */ = {
			isa = PBXSourcesBuildPhase;
			buildActionMask = 2147483647;
			files = (
				C9F66DD71A79DD2A00CB5E19 /* ViewController.m in Sources */,
				C9F66DD41A79DD2A00CB5E19 /* AppDelegate.m in Sources */,
				C9F66DD11A79DD2A00CB5E19 /* main.m in Sources */,
			);
			runOnlyForDeploymentPostprocessing = 0;
		};
		C9F66DE01A79DD2A00CB5E19 /* Sources */ = {
			isa = PBXSourcesBuildPhase;
			buildActionMask = 2147483647;
			files = (
				C9F66DEB1A79DD2A00CB5E19 /* FieldButtonFunTests.m in Sources */,
			);
			runOnlyForDeploymentPostprocessing = 0;
		};
/* End PBXSourcesBuildPhase section */

/* Begin PBXTargetDependency section */
		C9F66DE61A79DD2A00CB5E19 /* PBXTargetDependency */ = {
			isa = PBXTargetDependency;
			target = C9F66DCA1A79DD2A00CB5E19 /* FieldButtonFun */;
			targetProxy = C9F66DE51A79DD2A00CB5E19 /* PBXContainerItemProxy */;
		};
/* End PBXTargetDependency section */

/* Begin PBXVariantGroup section */
		C9F66DD81A79DD2A00CB5E19 /* Main.storyboard */ = {
			isa = PBXVariantGroup;
			children = (
				C9F66DD91A79DD2A00CB5E19 /* Base */,
			);
			name = Main.storyboard;
			sourceTree = "<group>";
		};
		C9F66DDD1A79DD2A00CB5E19 /* LaunchScreen.xib */ = {
			isa = PBXVariantGroup;
			children = (
				C9F66DDE1A79DD2A00CB5E19 /* Base */,
			);
			name = LaunchScreen.xib;
			sourceTree = "<group>";
		};
/* End PBXVariantGroup section */

/* Begin XCBuildConfiguration section */
		C9F66DEC1A79DD2A00CB5E19 /* Debug */ = {
			isa = XCBuildConfiguration;
			buildSettings = {
				ALWAYS_SEARCH_USER_PATHS = NO;
				CLANG_CXX_LANGUAGE_STANDARD = "gnu++0x";
				CLANG_CXX_LIBRARY = "libc++";
				CLANG_ENABLE_MODULES = YES;
				CLANG_ENABLE_OBJC_ARC = YES;
				CLANG_WARN_BOOL_CONVERSION = YES;
				CLANG_WARN_CONSTANT_CONVERSION = YES;
				CLANG_WARN_DIRECT_OBJC_ISA_USAGE = YES_ERROR;
				CLANG_WARN_EMPTY_BODY = YES;
				CLANG_WARN_ENUM_CONVERSION = YES;
				CLANG_WARN_INT_CONVERSION = YES;
				CLANG_WARN_OBJC_ROOT_CLASS = YES_ERROR;
				CLANG_WARN_UNREACHABLE_CODE = YES;
				CLANG_WARN__DUPLICATE_METHOD_MATCH = YES;
				"CODE_SIGN_IDENTITY[sdk=iphoneos*]" = "iPhone Developer";
				COPY_PHASE_STRIP = NO;
				ENABLE_STRICT_OBJC_MSGSEND = YES;
				GCC_C_LANGUAGE_STANDARD = gnu99;
				GCC_DYNAMIC_NO_PIC = NO;
				GCC_OPTIMIZATION_LEVEL = 0;
				GCC_PREPROCESSOR_DEFINITIONS = (
					"DEBUG=1",
					"$(inherited)",
				);
				GCC_SYMBOLS_PRIVATE_EXTERN = NO;
				GCC_WARN_64_TO_32_BIT_CONVERSION = YES;
				GCC_WARN_ABOUT_RETURN_TYPE = YES_ERROR;
				GCC_WARN_UNDECLARED_SELECTOR = YES;
				GCC_WARN_UNINITIALIZED_AUTOS = YES_AGGRESSIVE;
				GCC_WARN_UNUSED_FUNCTION = YES;
				GCC_WARN_UNUSED_VARIABLE = YES;
				IPHONEOS_DEPLOYMENT_TARGET = 8.1;
				MTL_ENABLE_DEBUG_INFO = YES;
				ONLY_ACTIVE_ARCH = YES;
				SDKROOT = iphoneos;
			};
			name = Debug;
		};
		C9F66DED1A79DD2A00CB5E19 /* Release */ = {
			isa = XCBuildConfiguration;
			buildSettings = {
				ALWAYS_SEARCH_USER_PATHS = NO;
				CLANG_CXX_LANGUAGE_STANDARD = "gnu++0x";
				CLANG_CXX_LIBRARY = "libc++";
				CLANG_ENABLE_MODULES = YES;
				CLANG_ENABLE_OBJC_ARC = YES;
				CLANG_WARN_BOOL_CONVERSION = YES;
				CLANG_WARN_CONSTANT_CONVERSION = YES;
				CLANG_WARN_DIRECT_OBJC_ISA_USAGE = YES_ERROR;
				CLANG_WARN_EMPTY_BODY = YES;
				CLANG_WARN_ENUM_CONVERSION = YES;
				CLANG_WARN_INT_CONVERSION = YES;
				CLANG_WARN_OBJC_ROOT_CLASS = YES_ERROR;
				CLANG_WARN_UNREACHABLE_CODE = YES;
				CLANG_WARN__DUPLICATE_METHOD_MATCH = YES;
				"CODE_SIGN_IDENTITY[sdk=iphoneos*]" = "iPhone Developer";
				COPY_PHASE_STRIP = YES;
				ENABLE_NS_ASSERTIONS = NO;
				ENABLE_STRICT_OBJC_MSGSEND = YES;
				GCC_C_LANGUAGE_STANDARD = gnu99;
				GCC_WARN_64_TO_32_BIT_CONVERSION = YES;
				GCC_WARN_ABOUT_RETURN_TYPE = YES_ERROR;
				GCC_WARN_UNDECLARED_SELECTOR = YES;
				GCC_WARN_UNINITIALIZED_AUTOS = YES_AGGRESSIVE;
				GCC_WARN_UNUSED_FUNCTION = YES;
				GCC_WARN_UNUSED_VARIABLE = YES;
				IPHONEOS_DEPLOYMENT_TARGET = 8.1;
				MTL_ENABLE_DEBUG_INFO = NO;
				SDKROOT = iphoneos;
				VALIDATE_PRODUCT = YES;
			};
			name = Release;
		};
		C9F66DEF1A79DD2A00CB5E19 /* Debug */ = {
			isa = XCBuildConfiguration;
			buildSettings = {
				ASSETCATALOG_COMPILER_APPICON_NAME = AppIcon;
				INFOPLIST_FILE = FieldButtonFun/Info.plist;
				IPHONEOS_DEPLOYMENT_TARGET = 7.1;
				LD_RUNPATH_SEARCH_PATHS = "$(inherited) @executable_path/Frameworks";
				PRODUCT_NAME = "$(TARGET_NAME)";
			};
			name = Debug;
		};
		C9F66DF01A79DD2A00CB5E19 /* Release */ = {
			isa = XCBuildConfiguration;
			buildSettings = {
				ASSETCATALOG_COMPILER_APPICON_NAME = AppIcon;
				INFOPLIST_FILE = FieldButtonFun/Info.plist;
				IPHONEOS_DEPLOYMENT_TARGET = 7.1;
				LD_RUNPATH_SEARCH_PATHS = "$(inherited) @executable_path/Frameworks";
				PRODUCT_NAME = "$(TARGET_NAME)";
			};
			name = Release;
		};
		C9F66DF21A79DD2A00CB5E19 /* Debug */ = {
			isa = XCBuildConfiguration;
			buildSettings = {
				BUNDLE_LOADER = "$(TEST_HOST)";
				FRAMEWORK_SEARCH_PATHS = (
					"$(SDKROOT)/Developer/Library/Frameworks",
					"$(inherited)",
				);
				GCC_PREPROCESSOR_DEFINITIONS = (
					"DEBUG=1",
					"$(inherited)",
				);
				INFOPLIST_FILE = FieldButtonFunTests/Info.plist;
				LD_RUNPATH_SEARCH_PATHS = "$(inherited) @executable_path/Frameworks @loader_path/Frameworks";
				PRODUCT_NAME = "$(TARGET_NAME)";
				TEST_HOST = "$(BUILT_PRODUCTS_DIR)/FieldButtonFun.app/FieldButtonFun";
			};
			name = Debug;
		};
		C9F66DF31A79DD2A00CB5E19 /* Release */ = {
			isa = XCBuildConfiguration;
			buildSettings = {
				BUNDLE_LOADER = "$(TEST_HOST)";
				FRAMEWORK_SEARCH_PATHS = (
					"$(SDKROOT)/Developer/Library/Frameworks",
					"$(inherited)",
				);
				INFOPLIST_FILE = FieldButtonFunTests/Info.plist;
				LD_RUNPATH_SEARCH_PATHS = "$(inherited) @executable_path/Frameworks @loader_path/Frameworks";
				PRODUCT_NAME = "$(TARGET_NAME)";
				TEST_HOST = "$(BUILT_PRODUCTS_DIR)/FieldButtonFun.app/FieldButtonFun";
			};
			name = Release;
		};
/* End XCBuildConfiguration section */

/* Begin XCConfigurationList section */
		C9F66DC61A79DD2900CB5E19 /* Build configuration list for PBXProject "FieldButtonFun" */ = {
			isa = XCConfigurationList;
			buildConfigurations = (
				C9F66DEC1A79DD2A00CB5E19 /* Debug */,
				C9F66DED1A79DD2A00CB5E19 /* Release */,
			);
			defaultConfigurationIsVisible = 0;
			defaultConfigurationName = Release;
		};
		C9F66DEE1A79DD2A00CB5E19 /* Build configuration list for PBXNativeTarget "FieldButtonFun" */ = {
			isa = XCConfigurationList;
			buildConfigurations = (
				C9F66DEF1A79DD2A00CB5E19 /* Debug */,
				C9F66DF01A79DD2A00CB5E19 /* Release */,
			);
			defaultConfigurationIsVisible = 0;
		};
		C9F66DF11A79DD2A00CB5E19 /* Build configuration list for PBXNativeTarget "FieldButtonFunTests" */ = {
			isa = XCConfigurationList;
			buildConfigurations = (
				C9F66DF21A79DD2A00CB5E19 /* Debug */,
				C9F66DF31A79DD2A00CB5E19 /* Release */,
			);
			defaultConfigurationIsVisible = 0;
		};
/* End XCConfigurationList section */
	};
	rootObject = C9F66DC31A79DD2900CB5E19 /* Project object */;
}
